
Microsoft Visual Studio Solution File, Format Version 12.00
# Visual Studio Version 17
VisualStudioVersion = 17.5.002.0
MinimumVisualStudioVersion = 10.0.40219.1
Project("{2150E333-8FDC-42A3-9474-1A3956D46DE8}") = "csharp-prep", "csharp-prep", "{107B84C9-0265-40D5-85F1-C07E3B5941AB}"
EndProject
Project("{9A19103F-16F7-4668-BE54-9A1E7A4F7556}") = "Prep1", "csharp-prep\Prep1\Prep1.csproj", "{D50050F9-7426-4E29-86A4-29CDAAC0CE95}"
EndProject
Project("{9A19103F-16F7-4668-BE54-9A1E7A4F7556}") = "Prep2", "csharp-prep\Prep2\Prep2.csproj", "{B969B8D2-2C53-4851-96AB-320FDC039399}"
EndProject
Project("{9A19103F-16F7-4668-BE54-9A1E7A4F7556}") = "Prep3", "csharp-prep\Prep3\Prep3.csproj", "{E6F967C3-CA06-4508-B0C9-6A8B23C9224C}"
EndProject
Project("{9A19103F-16F7-4668-BE54-9A1E7A4F7556}") = "Prep4", "csharp-prep\Prep4\Prep4.csproj", "{D2056F61-BA6C-4510-959A-8E5334366016}"
EndProject
Project("{9A19103F-16F7-4668-BE54-9A1E7A4F7556}") = "Prep5", "csharp-prep\Prep5\Prep5.csproj", "{95E75684-E66D-41E3-9AFB-FDFFF8868A91}"
EndProject
Project("{2150E333-8FDC-42A3-9474-1A3956D46DE8}") = "final", "final", "{3A5A1B69-F5B5-40A9-8555-43DBCFABE0EA}"
EndProject
Project("{9A19103F-16F7-4668-BE54-9A1E7A4F7556}") = "FinalProject", "final\FinalProject\FinalProject.csproj", "{15A05F90-9E26-446D-AE3C-F2402E7E8051}"
EndProject
Project("{9A19103F-16F7-4668-BE54-9A1E7A4F7556}") = "Foundation1", "final\Foundation1\Foundation1.csproj", "{2A00BB08-93FE-4B97-8A0C-090E7B2890A2}"
EndProject
Project("{9A19103F-16F7-4668-BE54-9A1E7A4F7556}") = "Foundation2", "final\Foundation2\Foundation2.csproj", "{F2986800-922D-4E05-8029-EBA35EBC73C4}"
EndProject
Project("{9A19103F-16F7-4668-BE54-9A1E7A4F7556}") = "Foundation3", "final\Foundation3\Foundation3.csproj", "{513F61AB-B30E-4E46-9EEB-3AB44816AA60}"
EndProject
Project("{9A19103F-16F7-4668-BE54-9A1E7A4F7556}") = "Foundation4", "final\Foundation4\Foundation4.csproj", "{0C1B4465-0BD5-4157-A927-174165BC21E1}"
EndProject
Project("{2150E333-8FDC-42A3-9474-1A3956D46DE8}") = "prepare", "prepare", "{5CCC8638-D70E-4B54-8F6F-9E059A255A27}"
EndProject
Project("{9A19103F-16F7-4668-BE54-9A1E7A4F7556}") = "Learning02", "prepare\Learning02\Learning02.csproj", "{693FD64D-C823-4427-9509-3297F3DFF1CB}"
EndProject
Project("{9A19103F-16F7-4668-BE54-9A1E7A4F7556}") = "Learning03", "prepare\Learning03\Learning03.csproj", "{0EEA3FB8-D293-4689-A496-D63D41572B48}"
EndProject
Project("{9A19103F-16F7-4668-BE54-9A1E7A4F7556}") = "Learning04", "prepare\Learning04\Learning04.csproj", "{6CE9AF47-780C-4DF1-8B0A-46B5CDB1EC2C}"
EndProject
Project("{9A19103F-16F7-4668-BE54-9A1E7A4F7556}") = "Learning05", "prepare\Learning05\Learning05.csproj", "{71137949-3EB8-4017-86B8-D24245725EA0}"
EndProject
Project("{2150E333-8FDC-42A3-9474-1A3956D46DE8}") = "prove", "prove", "{39D500D4-61F5-4B27-B1F4-833ED7E32FAB}"
EndProject
Project("{9A19103F-16F7-4668-BE54-9A1E7A4F7556}") = "Develop02", "prove\Develop02\Develop02.csproj", "{A6C2387F-88F1-4005-BB7B-1D6E1202B153}"
EndProject
Project("{9A19103F-16F7-4668-BE54-9A1E7A4F7556}") = "Develop03", "prove\Develop03\Develop03.csproj", "{48B8901B-F51B-4D40-AB06-51E74193DB82}"
EndProject
Project("{9A19103F-16F7-4668-BE54-9A1E7A4F7556}") = "Develop04", "prove\Develop04\Develop04.csproj", "{D2E8D181-4BDC-4E0C-B78A-8A755731A0C6}"
EndProject
Project("{9A19103F-16F7-4668-BE54-9A1E7A4F7556}") = "Develop05", "prove\Develop05\Develop05.csproj", "{1365F509-65EC-44D7-BAFE-A706B4A98431}"
EndProject
Project("{2150E333-8FDC-42A3-9474-1A3956D46DE8}") = "sandbox", "sandbox", "{F860EC08-2B43-4F1D-AC05-8AAF60B6BE42}"
EndProject
Project("{9A19103F-16F7-4668-BE54-9A1E7A4F7556}") = "Sandbox", "sandbox\Sandbox\Sandbox.csproj", "{49D06DB8-C727-4CC1-86A0-3CA87C09F273}"
EndProject
Global
	GlobalSection(SolutionConfigurationPlatforms) = preSolution
		Debug|Any CPU = Debug|Any CPU
		Release|Any CPU = Release|Any CPU
	EndGlobalSection
	GlobalSection(ProjectConfigurationPlatforms) = postSolution
		{D50050F9-7426-4E29-86A4-29CDAAC0CE95}.Debug|Any CPU.ActiveCfg = Debug|Any CPU
		{D50050F9-7426-4E29-86A4-29CDAAC0CE95}.Debug|Any CPU.Build.0 = Debug|Any CPU
		{D50050F9-7426-4E29-86A4-29CDAAC0CE95}.Release|Any CPU.ActiveCfg = Release|Any CPU
		{D50050F9-7426-4E29-86A4-29CDAAC0CE95}.Release|Any CPU.Build.0 = Release|Any CPU
		{B969B8D2-2C53-4851-96AB-320FDC039399}.Debug|Any CPU.ActiveCfg = Debug|Any CPU
		{B969B8D2-2C53-4851-96AB-320FDC039399}.Debug|Any CPU.Build.0 = Debug|Any CPU
		{B969B8D2-2C53-4851-96AB-320FDC039399}.Release|Any CPU.ActiveCfg = Release|Any CPU
		{B969B8D2-2C53-4851-96AB-320FDC039399}.Release|Any CPU.Build.0 = Release|Any CPU
		{E6F967C3-CA06-4508-B0C9-6A8B23C9224C}.Debug|Any CPU.ActiveCfg = Debug|Any CPU
		{E6F967C3-CA06-4508-B0C9-6A8B23C9224C}.Debug|Any CPU.Build.0 = Debug|Any CPU
		{E6F967C3-CA06-4508-B0C9-6A8B23C9224C}.Release|Any CPU.ActiveCfg = Release|Any CPU
		{E6F967C3-CA06-4508-B0C9-6A8B23C9224C}.Release|Any CPU.Build.0 = Release|Any CPU
		{D2056F61-BA6C-4510-959A-8E5334366016}.Debug|Any CPU.ActiveCfg = Debug|Any CPU
		{D2056F61-BA6C-4510-959A-8E5334366016}.Debug|Any CPU.Build.0 = Debug|Any CPU
		{D2056F61-BA6C-4510-959A-8E5334366016}.Release|Any CPU.ActiveCfg = Release|Any CPU
		{D2056F61-BA6C-4510-959A-8E5334366016}.Release|Any CPU.Build.0 = Release|Any CPU
		{95E75684-E66D-41E3-9AFB-FDFFF8868A91}.Debug|Any CPU.ActiveCfg = Debug|Any CPU
		{95E75684-E66D-41E3-9AFB-FDFFF8868A91}.Debug|Any CPU.Build.0 = Debug|Any CPU
		{95E75684-E66D-41E3-9AFB-FDFFF8868A91}.Release|Any CPU.ActiveCfg = Release|Any CPU
		{95E75684-E66D-41E3-9AFB-FDFFF8868A91}.Release|Any CPU.Build.0 = Release|Any CPU
		{15A05F90-9E26-446D-AE3C-F2402E7E8051}.Debug|Any CPU.ActiveCfg = Debug|Any CPU
		{15A05F90-9E26-446D-AE3C-F2402E7E8051}.Debug|Any CPU.Build.0 = Debug|Any CPU
		{15A05F90-9E26-446D-AE3C-F2402E7E8051}.Release|Any CPU.ActiveCfg = Release|Any CPU
		{15A05F90-9E26-446D-AE3C-F2402E7E8051}.Release|Any CPU.Build.0 = Release|Any CPU
		{2A00BB08-93FE-4B97-8A0C-090E7B2890A2}.Debug|Any CPU.ActiveCfg = Debug|Any CPU
		{2A00BB08-93FE-4B97-8A0C-090E7B2890A2}.Debug|Any CPU.Build.0 = Debug|Any CPU
		{2A00BB08-93FE-4B97-8A0C-090E7B2890A2}.Release|Any CPU.ActiveCfg = Release|Any CPU
		{2A00BB08-93FE-4B97-8A0C-090E7B2890A2}.Release|Any CPU.Build.0 = Release|Any CPU
		{F2986800-922D-4E05-8029-EBA35EBC73C4}.Debug|Any CPU.ActiveCfg = Debug|Any CPU
		{F2986800-922D-4E05-8029-EBA35EBC73C4}.Debug|Any CPU.Build.0 = Debug|Any CPU
		{F2986800-922D-4E05-8029-EBA35EBC73C4}.Release|Any CPU.ActiveCfg = Release|Any CPU
		{F2986800-922D-4E05-8029-EBA35EBC73C4}.Release|Any CPU.Build.0 = Release|Any CPU
		{513F61AB-B30E-4E46-9EEB-3AB44816AA60}.Debug|Any CPU.ActiveCfg = Debug|Any CPU
		{513F61AB-B30E-4E46-9EEB-3AB44816AA60}.Debug|Any CPU.Build.0 = Debug|Any CPU
		{513F61AB-B30E-4E46-9EEB-3AB44816AA60}.Release|Any CPU.ActiveCfg = Release|Any CPU
		{513F61AB-B30E-4E46-9EEB-3AB44816AA60}.Release|Any CPU.Build.0 = Release|Any CPU
		{0C1B4465-0BD5-4157-A927-174165BC21E1}.Debug|Any CPU.ActiveCfg = Debug|Any CPU
		{0C1B4465-0BD5-4157-A927-174165BC21E1}.Debug|Any CPU.Build.0 = Debug|Any CPU
		{0C1B4465-0BD5-4157-A927-174165BC21E1}.Release|Any CPU.ActiveCfg = Release|Any CPU
		{0C1B4465-0BD5-4157-A927-174165BC21E1}.Release|Any CPU.Build.0 = Release|Any CPU
		{693FD64D-C823-4427-9509-3297F3DFF1CB}.Debug|Any CPU.ActiveCfg = Debug|Any CPU
		{693FD64D-C823-4427-9509-3297F3DFF1CB}.Debug|Any CPU.Build.0 = Debug|Any CPU
		{693FD64D-C823-4427-9509-3297F3DFF1CB}.Release|Any CPU.ActiveCfg = Release|Any CPU
		{693FD64D-C823-4427-9509-3297F3DFF1CB}.Release|Any CPU.Build.0 = Release|Any CPU
		{0EEA3FB8-D293-4689-A496-D63D41572B48}.Debug|Any CPU.ActiveCfg = Debug|Any CPU
		{0EEA3FB8-D293-4689-A496-D63D41572B48}.Debug|Any CPU.Build.0 = Debug|Any CPU
		{0EEA3FB8-D293-4689-A496-D63D41572B48}.Release|Any CPU.ActiveCfg = Release|Any CPU
		{0EEA3FB8-D293-4689-A496-D63D41572B48}.Release|Any CPU.Build.0 = Release|Any CPU
		{6CE9AF47-780C-4DF1-8B0A-46B5CDB1EC2C}.Debug|Any CPU.ActiveCfg = Debug|Any CPU
		{6CE9AF47-780C-4DF1-8B0A-46B5CDB1EC2C}.Debug|Any CPU.Build.0 = Debug|Any CPU
		{6CE9AF47-780C-4DF1-8B0A-46B5CDB1EC2C}.Release|Any CPU.ActiveCfg = Release|Any CPU
		{6CE9AF47-780C-4DF1-8B0A-46B5CDB1EC2C}.Release|Any CPU.Build.0 = Release|Any CPU
		{71137949-3EB8-4017-86B8-D24245725EA0}.Debug|Any CPU.ActiveCfg = Debug|Any CPU
		{71137949-3EB8-4017-86B8-D24245725EA0}.Debug|Any CPU.Build.0 = Debug|Any CPU
		{71137949-3EB8-4017-86B8-D24245725EA0}.Release|Any CPU.ActiveCfg = Release|Any CPU
		{71137949-3EB8-4017-86B8-D24245725EA0}.Release|Any CPU.Build.0 = Release|Any CPU
		{A6C2387F-88F1-4005-BB7B-1D6E1202B153}.Debug|Any CPU.ActiveCfg = Debug|Any CPU
		{A6C2387F-88F1-4005-BB7B-1D6E1202B153}.Debug|Any CPU.Build.0 = Debug|Any CPU
		{A6C2387F-88F1-4005-BB7B-1D6E1202B153}.Release|Any CPU.ActiveCfg = Release|Any CPU
		{A6C2387F-88F1-4005-BB7B-1D6E1202B153}.Release|Any CPU.Build.0 = Release|Any CPU
		{48B8901B-F51B-4D40-AB06-51E74193DB82}.Debug|Any CPU.ActiveCfg = Debug|Any CPU
		{48B8901B-F51B-4D40-AB06-51E74193DB82}.Debug|Any CPU.Build.0 = Debug|Any CPU
		{48B8901B-F51B-4D40-AB06-51E74193DB82}.Release|Any CPU.ActiveCfg = Release|Any CPU
		{48B8901B-F51B-4D40-AB06-51E74193DB82}.Release|Any CPU.Build.0 = Release|Any CPU
		{D2E8D181-4BDC-4E0C-B78A-8A755731A0C6}.Debug|Any CPU.ActiveCfg = Debug|Any CPU
		{D2E8D181-4BDC-4E0C-B78A-8A755731A0C6}.Debug|Any CPU.Build.0 = Debug|Any CPU
		{D2E8D181-4BDC-4E0C-B78A-8A755731A0C6}.Release|Any CPU.ActiveCfg = Release|Any CPU
		{D2E8D181-4BDC-4E0C-B78A-8A755731A0C6}.Release|Any CPU.Build.0 = Release|Any CPU
		{1365F509-65EC-44D7-BAFE-A706B4A98431}.Debug|Any CPU.ActiveCfg = Debug|Any CPU
		{1365F509-65EC-44D7-BAFE-A706B4A98431}.Debug|Any CPU.Build.0 = Debug|Any CPU
		{1365F509-65EC-44D7-BAFE-A706B4A98431}.Release|Any CPU.ActiveCfg = Release|Any CPU
		{1365F509-65EC-44D7-BAFE-A706B4A98431}.Release|Any CPU.Build.0 = Release|Any CPU
		{49D06DB8-C727-4CC1-86A0-3CA87C09F273}.Debug|Any CPU.ActiveCfg = Debug|Any CPU
		{49D06DB8-C727-4CC1-86A0-3CA87C09F273}.Debug|Any CPU.Build.0 = Debug|Any CPU
		{49D06DB8-C727-4CC1-86A0-3CA87C09F273}.Release|Any CPU.ActiveCfg = Release|Any CPU
		{49D06DB8-C727-4CC1-86A0-3CA87C09F273}.Release|Any CPU.Build.0 = Release|Any CPU
	EndGlobalSection
	GlobalSection(SolutionProperties) = preSolution
		HideSolutionNode = FALSE
	EndGlobalSection
	GlobalSection(NestedProjects) = preSolution
		{D50050F9-7426-4E29-86A4-29CDAAC0CE95} = {107B84C9-0265-40D5-85F1-C07E3B5941AB}
		{B969B8D2-2C53-4851-96AB-320FDC039399} = {107B84C9-0265-40D5-85F1-C07E3B5941AB}
		{E6F967C3-CA06-4508-B0C9-6A8B23C9224C} = {107B84C9-0265-40D5-85F1-C07E3B5941AB}
		{D2056F61-BA6C-4510-959A-8E5334366016} = {107B84C9-0265-40D5-85F1-C07E3B5941AB}
		{95E75684-E66D-41E3-9AFB-FDFFF8868A91} = {107B84C9-0265-40D5-85F1-C07E3B5941AB}
		{15A05F90-9E26-446D-AE3C-F2402E7E8051} = {3A5A1B69-F5B5-40A9-8555-43DBCFABE0EA}
		{2A00BB08-93FE-4B97-8A0C-090E7B2890A2} = {3A5A1B69-F5B5-40A9-8555-43DBCFABE0EA}
		{F2986800-922D-4E05-8029-EBA35EBC73C4} = {3A5A1B69-F5B5-40A9-8555-43DBCFABE0EA}
		{513F61AB-B30E-4E46-9EEB-3AB44816AA60} = {3A5A1B69-F5B5-40A9-8555-43DBCFABE0EA}
		{0C1B4465-0BD5-4157-A927-174165BC21E1} = {3A5A1B69-F5B5-40A9-8555-43DBCFABE0EA}
		{693FD64D-C823-4427-9509-3297F3DFF1CB} = {5CCC8638-D70E-4B54-8F6F-9E059A255A27}
		{0EEA3FB8-D293-4689-A496-D63D41572B48} = {5CCC8638-D70E-4B54-8F6F-9E059A255A27}
		{6CE9AF47-780C-4DF1-8B0A-46B5CDB1EC2C} = {5CCC8638-D70E-4B54-8F6F-9E059A255A27}
		{71137949-3EB8-4017-86B8-D24245725EA0} = {5CCC8638-D70E-4B54-8F6F-9E059A255A27}
		{A6C2387F-88F1-4005-BB7B-1D6E1202B153} = {39D500D4-61F5-4B27-B1F4-833ED7E32FAB}
		{48B8901B-F51B-4D40-AB06-51E74193DB82} = {39D500D4-61F5-4B27-B1F4-833ED7E32FAB}
		{D2E8D181-4BDC-4E0C-B78A-8A755731A0C6} = {39D500D4-61F5-4B27-B1F4-833ED7E32FAB}
		{1365F509-65EC-44D7-BAFE-A706B4A98431} = {39D500D4-61F5-4B27-B1F4-833ED7E32FAB}
		{49D06DB8-C727-4CC1-86A0-3CA87C09F273} = {F860EC08-2B43-4F1D-AC05-8AAF60B6BE42}
	EndGlobalSection
	GlobalSection(ExtensibilityGlobals) = postSolution
		SolutionGuid = {38B811F7-4687-4851-9FA2-302F56A6C74C}
	EndGlobalSection
EndGlobal
